
Microsoft Visual Studio Solution File, Format Version 12.00
# Visual Studio Version 17
VisualStudioVersion = 17.1.32228.430
MinimumVisualStudioVersion = 10.0.40219.1
Project("{FAE04EC0-301F-11D3-BF4B-00C04F79EFBC}") = "IntroductionToLINQ", "IntroductionToLINQ\IntroductionToLINQ.csproj", "{83F7A5DB-849C-4714-8593-978E1DC71A9D}"
EndProject
Project("{FAE04EC0-301F-11D3-BF4B-00C04F79EFBC}") = "Filtering", "Filtering\Filtering.csproj", "{22FA85F4-AE89-4E5D-A814-D16C579F495C}"
EndProject
Project("{FAE04EC0-301F-11D3-BF4B-00C04F79EFBC}") = "SortingAndProjection", "SortingAndProjection\SortingAndProjection.csproj", "{85315177-F6DC-4C10-A886-D20E3C6426DD}"
EndProject
Project("{FAE04EC0-301F-11D3-BF4B-00C04F79EFBC}") = "JoinAndGroupBy", "JoinAndGroupBy\JoinAndGroupBy.csproj", "{E16D3925-52DA-4795-BA19-3531EA76A16A}"
EndProject
Project("{FAE04EC0-301F-11D3-BF4B-00C04F79EFBC}") = "UnionIntersectExcept", "UnionIntersectExcept\UnionIntersectExcept.csproj", "{A57F9881-1D0D-4D36-820A-7D8602FC2504}"
EndProject
Global
	GlobalSection(SolutionConfigurationPlatforms) = preSolution
		Debug|Any CPU = Debug|Any CPU
		Release|Any CPU = Release|Any CPU
	EndGlobalSection
	GlobalSection(ProjectConfigurationPlatforms) = postSolution
		{83F7A5DB-849C-4714-8593-978E1DC71A9D}.Debug|Any CPU.ActiveCfg = Debug|Any CPU
		{83F7A5DB-849C-4714-8593-978E1DC71A9D}.Debug|Any CPU.Build.0 = Debug|Any CPU
		{83F7A5DB-849C-4714-8593-978E1DC71A9D}.Release|Any CPU.ActiveCfg = Release|Any CPU
		{83F7A5DB-849C-4714-8593-978E1DC71A9D}.Release|Any CPU.Build.0 = Release|Any CPU
		{22FA85F4-AE89-4E5D-A814-D16C579F495C}.Debug|Any CPU.ActiveCfg = Debug|Any CPU
		{22FA85F4-AE89-4E5D-A814-D16C579F495C}.Debug|Any CPU.Build.0 = Debug|Any CPU
		{22FA85F4-AE89-4E5D-A814-D16C579F495C}.Release|Any CPU.ActiveCfg = Release|Any CPU
		{22FA85F4-AE89-4E5D-A814-D16C579F495C}.Release|Any CPU.Build.0 = Release|Any CPU
		{85315177-F6DC-4C10-A886-D20E3C6426DD}.Debug|Any CPU.ActiveCfg = Debug|Any CPU
		{85315177-F6DC-4C10-A886-D20E3C6426DD}.Debug|Any CPU.Build.0 = Debug|Any CPU
		{85315177-F6DC-4C10-A886-D20E3C6426DD}.Release|Any CPU.ActiveCfg = Release|Any CPU
		{85315177-F6DC-4C10-A886-D20E3C6426DD}.Release|Any CPU.Build.0 = Release|Any CPU
		{E16D3925-52DA-4795-BA19-3531EA76A16A}.Debug|Any CPU.ActiveCfg = Debug|Any CPU
		{E16D3925-52DA-4795-BA19-3531EA76A16A}.Debug|Any CPU.Build.0 = Debug|Any CPU
		{E16D3925-52DA-4795-BA19-3531EA76A16A}.Release|Any CPU.ActiveCfg = Release|Any CPU
		{E16D3925-52DA-4795-BA19-3531EA76A16A}.Release|Any CPU.Build.0 = Release|Any CPU
		{A57F9881-1D0D-4D36-820A-7D8602FC2504}.Debug|Any CPU.ActiveCfg = Debug|Any CPU
		{A57F9881-1D0D-4D36-820A-7D8602FC2504}.Debug|Any CPU.Build.0 = Debug|Any CPU
		{A57F9881-1D0D-4D36-820A-7D8602FC2504}.Release|Any CPU.ActiveCfg = Release|Any CPU
		{A57F9881-1D0D-4D36-820A-7D8602FC2504}.Release|Any CPU.Build.0 = Release|Any CPU
	EndGlobalSection
	GlobalSection(SolutionProperties) = preSolution
		HideSolutionNode = FALSE
	EndGlobalSection
	GlobalSection(ExtensibilityGlobals) = postSolution
		SolutionGuid = {CEC341D2-452D-42AF-AA28-17CDC4AC8CF9}
	EndGlobalSection
EndGlobal
